{
  "dependencies": {
    "body-parser": {
      "version": "1.12.0",
      "dependencies": {
        "bytes": {
          "version": "1.0.0"
        },
        "content-type": {
          "version": "1.0.1"
        },
        "debug": {
          "version": "2.1.1",
          "dependencies": {
            "ms": {
              "version": "0.6.2"
            }
          }
        },
        "depd": {
          "version": "1.0.0"
        },
        "iconv-lite": {
          "version": "0.4.7"
        },
        "on-finished": {
          "version": "2.2.0",
          "dependencies": {
            "ee-first": {
              "version": "1.1.0"
            }
          }
        },
        "qs": {
          "version": "2.3.3"
        },
        "raw-body": {
          "version": "1.3.3"
        },
        "type-is": {
          "version": "1.6.0",
          "dependencies": {
            "media-typer": {
              "version": "0.3.0"
            },
            "mime-types": {
              "version": "2.0.9",
              "dependencies": {
                "mime-db": {
                  "version": "1.7.0"
                }
              }
            }
          }
        }
      }
    },
    "fibers": {
      "version": "1.0.5"
    },
    "passport-saml": {
      "version": "0.9.1",
      "dependencies": {
        "passport": {
          "version": "0.2.1",
          "dependencies": {
            "passport-strategy": {
              "version": "1.0.0"
            },
            "pause": {
              "version": "0.0.1"
            }
          }
        },
        "q": {
          "version": "1.1.2"
        },
        "xml2js": {
          "version": "0.4.5",
          "dependencies": {
            "sax": {
              "version": "0.6.1"
            }
          }
        },
        "xml-crypto": {
          "version": "0.3.26",
          "dependencies": {
            "xpath.js": {
              "version": "1.0.5"
            }
          }
        },
        "xmldom": {
          "version": "0.1.19"
        },
        "xmlbuilder": {
          "version": "2.5.2",
          "dependencies": {
            "lodash": {
              "version": "3.2.0"
            }
          }
        },
        "xml-encryption": {
          "version": "0.7.2",
          "dependencies": {
            "ejs": {
              "version": "0.8.8"
            },
            "async": {
              "version": "0.2.10"
            },
            "xpath": {
              "version": "0.0.5"
            },
            "node-forge": {
              "version": "0.2.24"
            }
          }
        }
      }
    }
  }
}
